
Microsoft Visual Studio Solution File, Format Version 12.00
# Visual Studio Version 17
VisualStudioVersion = 17.8.34322.80
MinimumVisualStudioVersion = 10.0.40219.1
Project("{FAE04EC0-301F-11D3-BF4B-00C04F79EFBC}") = "MaxAuto", "MaxAuto\MaxAuto.csproj", "{8B5B6023-B22F-46A2-BD2A-400FA5C1A0AB}"
EndProject
Global
	GlobalSection(SolutionConfigurationPlatforms) = preSolution
		Debug|Any CPU = Debug|Any CPU
		Release|Any CPU = Release|Any CPU
	EndGlobalSection
	GlobalSection(ProjectConfigurationPlatforms) = postSolution
		{8B5B6023-B22F-46A2-BD2A-400FA5C1A0AB}.Debug|Any CPU.ActiveCfg = Debug|Any CPU
		{8B5B6023-B22F-46A2-BD2A-400FA5C1A0AB}.Debug|Any CPU.Build.0 = Debug|Any CPU
		{8B5B6023-B22F-46A2-BD2A-400FA5C1A0AB}.Release|Any CPU.ActiveCfg = Release|Any CPU
		{8B5B6023-B22F-46A2-BD2A-400FA5C1A0AB}.Release|Any CPU.Build.0 = Release|Any CPU
	EndGlobalSection
	GlobalSection(SolutionProperties) = preSolution
		HideSolutionNode = FALSE
	EndGlobalSection
	GlobalSection(ExtensibilityGlobals) = postSolution
		SolutionGuid = {C1DABF2F-BC8D-4BA4-926D-8C39E1A346A3}
	EndGlobalSection
EndGlobal
